
Microsoft Visual Studio Solution File, Format Version 12.00
Project("{FAE04EC0-301F-11D3-BF4B-00C04F79EFBC}") = "TP.10", "TP.10\TP.10.csproj", "{D62316AB-FE34-4FCE-89ED-A518BA05135C}"
EndProject
Global
	GlobalSection(SolutionConfigurationPlatforms) = preSolution
		Debug|Any CPU = Debug|Any CPU
		Release|Any CPU = Release|Any CPU
	EndGlobalSection
	GlobalSection(ProjectConfigurationPlatforms) = postSolution
		{D62316AB-FE34-4FCE-89ED-A518BA05135C}.Debug|Any CPU.ActiveCfg = Debug|Any CPU
		{D62316AB-FE34-4FCE-89ED-A518BA05135C}.Debug|Any CPU.Build.0 = Debug|Any CPU
		{D62316AB-FE34-4FCE-89ED-A518BA05135C}.Release|Any CPU.ActiveCfg = Release|Any CPU
		{D62316AB-FE34-4FCE-89ED-A518BA05135C}.Release|Any CPU.Build.0 = Release|Any CPU
	EndGlobalSection
EndGlobal
