
Microsoft Visual Studio Solution File, Format Version 12.00
Project("{FAE04EC0-301F-11D3-BF4B-00C04F79EFBC}") = "TP.03 exo 1", "TP.03 exo 1\TP.03 exo 1.csproj", "{951D9AEE-9183-42DC-B308-7630F54A569C}"
EndProject
Project("{FAE04EC0-301F-11D3-BF4B-00C04F79EFBC}") = "TP.03 exo 2", "TP.03 exo 2\TP.03 exo 2.csproj", "{0397F45E-0280-4E3D-84A2-F061D524A6E7}"
EndProject
Project("{FAE04EC0-301F-11D3-BF4B-00C04F79EFBC}") = "TP.03 exo 3", "TP.03 exo 3\TP.03 exo 3.csproj", "{17C412B5-6CC7-42EC-8367-67CE5071EE16}"
EndProject
Global
	GlobalSection(SolutionConfigurationPlatforms) = preSolution
		Debug|Any CPU = Debug|Any CPU
		Release|Any CPU = Release|Any CPU
	EndGlobalSection
	GlobalSection(ProjectConfigurationPlatforms) = postSolution
		{951D9AEE-9183-42DC-B308-7630F54A569C}.Debug|Any CPU.ActiveCfg = Debug|Any CPU
		{951D9AEE-9183-42DC-B308-7630F54A569C}.Debug|Any CPU.Build.0 = Debug|Any CPU
		{951D9AEE-9183-42DC-B308-7630F54A569C}.Release|Any CPU.ActiveCfg = Release|Any CPU
		{951D9AEE-9183-42DC-B308-7630F54A569C}.Release|Any CPU.Build.0 = Release|Any CPU
		{0397F45E-0280-4E3D-84A2-F061D524A6E7}.Debug|Any CPU.ActiveCfg = Debug|Any CPU
		{0397F45E-0280-4E3D-84A2-F061D524A6E7}.Debug|Any CPU.Build.0 = Debug|Any CPU
		{0397F45E-0280-4E3D-84A2-F061D524A6E7}.Release|Any CPU.ActiveCfg = Release|Any CPU
		{0397F45E-0280-4E3D-84A2-F061D524A6E7}.Release|Any CPU.Build.0 = Release|Any CPU
		{17C412B5-6CC7-42EC-8367-67CE5071EE16}.Debug|Any CPU.ActiveCfg = Debug|Any CPU
		{17C412B5-6CC7-42EC-8367-67CE5071EE16}.Debug|Any CPU.Build.0 = Debug|Any CPU
		{17C412B5-6CC7-42EC-8367-67CE5071EE16}.Release|Any CPU.ActiveCfg = Release|Any CPU
		{17C412B5-6CC7-42EC-8367-67CE5071EE16}.Release|Any CPU.Build.0 = Release|Any CPU
	EndGlobalSection
EndGlobal
